# Generated by pub
# See http://pub.dartlang.org/doc/glossary.html#lockfile

{"packages":{"unittest":{"version":"0.5.0+1","source":"hosted","description":"unittest"},"browser":{"version":"0.5.0+1","source":"hosted","description":"browser"},"game_loop":{"version":"0.8.0","source":"hosted","description":"game_loop"},"meta":{"version":"0.5.0+1","source":"hosted","description":"meta"}}}
